
Microsoft Visual Studio Solution File, Format Version 12.00
# Visual Studio Version 16
VisualStudioVersion = 16.0.29324.140
MinimumVisualStudioVersion = 10.0.40219.1
Project("{FAE04EC0-301F-11D3-BF4B-00C04F79EFBC}") = "overload", "overload\overload.csproj", "{20501919-1BB9-4F6D-A915-70138E649A79}"
EndProject
Global
	GlobalSection(SolutionConfigurationPlatforms) = preSolution
		Debug|Any CPU = Debug|Any CPU
		Release|Any CPU = Release|Any CPU
	EndGlobalSection
	GlobalSection(ProjectConfigurationPlatforms) = postSolution
		{20501919-1BB9-4F6D-A915-70138E649A79}.Debug|Any CPU.ActiveCfg = Debug|Any CPU
		{20501919-1BB9-4F6D-A915-70138E649A79}.Debug|Any CPU.Build.0 = Debug|Any CPU
		{20501919-1BB9-4F6D-A915-70138E649A79}.Release|Any CPU.ActiveCfg = Release|Any CPU
		{20501919-1BB9-4F6D-A915-70138E649A79}.Release|Any CPU.Build.0 = Release|Any CPU
	EndGlobalSection
	GlobalSection(SolutionProperties) = preSolution
		HideSolutionNode = FALSE
	EndGlobalSection
	GlobalSection(ExtensibilityGlobals) = postSolution
		SolutionGuid = {2FC9D6A6-1801-4556-994E-1AD70F6282FC}
	EndGlobalSection
EndGlobal
